
Microsoft Visual Studio Solution File, Format Version 12.00
# Visual Studio Version 17
VisualStudioVersion = 17.5.002.0
MinimumVisualStudioVersion = 10.0.40219.1
Project("{9A19103F-16F7-4668-BE54-9A1E7A4F7556}") = "CartoesVisitas", "CartoesVisitas.csproj", "{3D642794-8E1C-48FC-B300-C012E3CC7071}"
EndProject
Global
	GlobalSection(SolutionConfigurationPlatforms) = preSolution
		Debug|Any CPU = Debug|Any CPU
		Release|Any CPU = Release|Any CPU
	EndGlobalSection
	GlobalSection(ProjectConfigurationPlatforms) = postSolution
		{3D642794-8E1C-48FC-B300-C012E3CC7071}.Debug|Any CPU.ActiveCfg = Debug|Any CPU
		{3D642794-8E1C-48FC-B300-C012E3CC7071}.Debug|Any CPU.Build.0 = Debug|Any CPU
		{3D642794-8E1C-48FC-B300-C012E3CC7071}.Release|Any CPU.ActiveCfg = Release|Any CPU
		{3D642794-8E1C-48FC-B300-C012E3CC7071}.Release|Any CPU.Build.0 = Release|Any CPU
	EndGlobalSection
	GlobalSection(SolutionProperties) = preSolution
		HideSolutionNode = FALSE
	EndGlobalSection
	GlobalSection(ExtensibilityGlobals) = postSolution
		SolutionGuid = {42443E45-A34E-4DBA-8CF0-69D9D8061531}
	EndGlobalSection
EndGlobal
